annotated-doc==0.0.5
certifi==2026.7.22
charset-normalizer==3.5.1
click==8.5.0
colorama==0.4.6
grimp==3.15
hypothesis==6.167.1
idna==3.19
import-linter==2.13
iniconfig==2.3.0
markdown-it-py==4.2.0
mdurl==0.1.2
numpy==2.5.2
packaging==26.3
pluggy==1.6.0
polars==1.44.1
polars-runtime-32==1.44.1
pyarrow==25.0.1
Pygments==2.21.0
pytest==8.4.2
PyYAML==6.0.3
requests==2.34.2
rich==15.0.0
shellingham==1.5.4
sortedcontainers==2.4.0
typer==0.27.1
typing_extensions==4.16.0
tzdata==2026.3
urllib3==2.7.0
